# This file is generated by running "yarn install" inside your project.
# Manual changes might be lost - proceed with caution!

__metadata:
  version: 4
  cacheKey: 7

"accepts@npm:~1.3.4":
  version: 1.3.7
  resolution: "accepts@npm:1.3.7"
  dependencies:
    mime-types: ~2.1.24
    negotiator: 0.6.2
  checksum: 2686fa30dbc850db1bf458dc8171fba13c54ed6cb25f4298ec7c2f88b8dfc50351f25c40abe3a948e4ec7a0cc8ea83d1c55c2f73ffa612d18840a8778d4a2ee0
  languageName: node
  linkType: hard

"after@npm:0.8.2":
  version: 0.8.2
  resolution: "after@npm:0.8.2"
  checksum: ac1e164f625a9715daaef092bdc1ceb11d053d95d343d83315c10eced4fdc4ead499f7c25d433aabc26f32cd736370551998a6ce7ab9ad9c2d978cca41852858
  languageName: node
  linkType: hard

"arraybuffer.slice@npm:~0.0.7":
  version: 0.0.7
  resolution: "arraybuffer.slice@npm:0.0.7"
  checksum: d7775846f098c6294029a34fad1dd19e6b90f388eb19d6181ff9265fd9ffae4f5f7b243d3b39275b7ffc7ddc7923ae1df83dff720a0001dc1fb740ea4e3a458c
  languageName: node
  linkType: hard

"arrify@npm:^1.0.0":
  version: 1.0.1
  resolution: "arrify@npm:1.0.1"
  checksum: f1d3bae819f49f51a09da5f5c5ce282e79ca69bbdb32db1d9f6c62b151ef801b74398d007cfe89686e2c5aeb62576a398b9068e5172b7f4e20157aa3284076d3
  languageName: node
  linkType: hard

"async@npm:~0.9.0":
  version: 0.9.2
  resolution: "async@npm:0.9.2"
  checksum: 78c0aad8add0b84ccf9bde90d20a9cd20146e3734a4c9ac9bfb3a30d1b7df12b7d95c13119af825a89480210c02f7ffee38ac07c13ac43abd6636691b982b591
  languageName: node
  linkType: hard

"backo2@npm:1.0.2":
  version: 1.0.2
  resolution: "backo2@npm:1.0.2"
  checksum: 72f19a0fd2b573f5504adf1f2e74e7658eec000e7732ebd5f622b6b1d520187277a5e8310787906455d02fcf915f35c5c48e54c997bed1a60b95355db8f2ccab
  languageName: node
  linkType: hard

"base64-arraybuffer@npm:0.1.4":
  version: 0.1.4
  resolution: "base64-arraybuffer@npm:0.1.4"
  checksum: be8207c755c206f1053a3ebccb71e48d21d33125df1940d1b176ec26008e521edae8e1aa859b6fb6444b2889e1beec0771274d2f5bc5898d41b35179a55fbe96
  languageName: node
  linkType: hard

"base64id@npm:2.0.0":
  version: 2.0.0
  resolution: "base64id@npm:2.0.0"
  checksum: 91517053496f8f6ef5c4f0dc8ea8cda43fe0ff9e268e0309f67da438fb680fc7df8bfba10e5d363d63f33e74babda0ac53d2e821e6d158a840d4091df1c16099
  languageName: node
  linkType: hard

"bignumber.js@npm:9.0.0":
  version: 9.0.0
  resolution: "bignumber.js@npm:9.0.0"
  checksum: 5968a936fbd801d591d35756078c4c3755887346b703f7e77eb2a5506fe900ca7c48baa253c21ed42b45d1d5c7012b69ac57c3936295d16924b7fc257f22bb80
  languageName: node
  linkType: hard

"blob@npm:0.0.5":
  version: 0.0.5
  resolution: "blob@npm:0.0.5"
  checksum: 41fbd9f746890eb809ab232995abac41afeb265ba37a5f35694dee36a906d63ab9626aff3db3868d18ec39e826878c93913cd0a3258cd1c310d451dff369658c
  languageName: node
  linkType: hard

"bluebird@npm:^3.7.2":
  version: 3.7.2
  resolution: "bluebird@npm:3.7.2"
  checksum: 4f2288662f3d4eadbb82d4daa4a7d7976a28fa3c7eb4102c9b4033b03e5be4574ba123ac52a7c103cde4cb7b2d2afc1dbe41817ca15a29ff21ecd258d0286047
  languageName: node
  linkType: hard

"btoa@npm:^1.1.2":
  version: 1.2.1
  resolution: "btoa@npm:1.2.1"
  bin:
    btoa: bin/btoa.js
  checksum: d8f863b356706f64d6f9f4ed30711b72b8e76e36dcd25ed14349829f0450a1a06ee8abb8006b1ff7461650933fd9347f0df095c0bacc9ab46c55e4857ce3db21
  languageName: node
  linkType: hard

"buffer-equal-constant-time@npm:1.0.1":
  version: 1.0.1
  resolution: "buffer-equal-constant-time@npm:1.0.1"
  checksum: a38a6fead170594b97894658d0e62e3686ccaecea480051c0bf69ba29274eca87203452590c3b6a1b589a7da1baef89420da00a8f08c010675c1dbc25f58edf9
  languageName: node
  linkType: hard

"buffer-from@npm:^1.0.0":
  version: 1.1.1
  resolution: "buffer-from@npm:1.1.1"
  checksum: 540ceb79c4f5bfcadaabbc18324fa84c50dc52905084be7c03596a339cf5a88513bee6831ce9b36ddd046fab09257a7c80686e129d0559a0cfd141da196ad956
  languageName: node
  linkType: hard

"combined-stream@npm:~0.0.4":
  version: 0.0.7
  resolution: "combined-stream@npm:0.0.7"
  dependencies:
    delayed-stream: 0.0.5
  checksum: 397c64459f34e7069c92493310d34f64f4932eeb078e3b2f50f2ee458639dfb43d5fb15d106fa84cccd72939fadbb3cce737f0e17ae0ac8297b28d0d1b69ab46
  languageName: node
  linkType: hard

"component-bind@npm:1.0.0":
  version: 1.0.0
  resolution: "component-bind@npm:1.0.0"
  checksum: afbea09480c570b50fb86d8b4bee5d8b4809c667d8a7072cab0d48832f2cb9ebd62bf61b28722f1560cf7a2b0c2c171f8ef120229ec88e9cf332833cbf2779e8
  languageName: node
  linkType: hard

"component-emitter@npm:1.2.1":
  version: 1.2.1
  resolution: "component-emitter@npm:1.2.1"
  checksum: faa45682ad4f3796803e254793f843b54c4f10f9fd8d23a1ed37a174dd2cc847a48dd2b6d016aa55465192d752ec2dada71391ac502ce61202816973678587bb
  languageName: node
  linkType: hard

"component-emitter@npm:~1.3.0":
  version: 1.3.0
  resolution: "component-emitter@npm:1.3.0"
  checksum: fc4edbf1014f0aed88dcec33ca02d2938734e428423f640d8a3f94975615b8e8c506c19e29b93949637c5a281353e75fa79e299e0d57732f42a9fe346cb2cad6
  languageName: node
  linkType: hard

"component-inherit@npm:0.0.3":
  version: 0.0.3
  resolution: "component-inherit@npm:0.0.3"
  checksum: b0caec57577c475a5111ca0a83ae884001c3b4f16f0ff37cf1f0674a71a5419617a65880a691c6bb8a8a4343c96c2e5ec204e40193cabe890aed85b30ba9513e
  languageName: node
  linkType: hard

"concat-stream@npm:^1.4.7":
  version: 1.6.2
  resolution: "concat-stream@npm:1.6.2"
  dependencies:
    buffer-from: ^1.0.0
    inherits: ^2.0.3
    readable-stream: ^2.2.2
    typedarray: ^0.0.6
  checksum: 7a97b7a7d0938e36800bdb6f5caf938bac8c523a6ec15df1f2ac41d3785541be30a6671c9f4c0d1ac9609e6ab29dcab8f54d1c84035e3e3b7b24f9336da68ab0
  languageName: node
  linkType: hard

"cookie@npm:~0.4.1":
  version: 0.4.1
  resolution: "cookie@npm:0.4.1"
  checksum: b8e0928e3e7aba013087974b33a6eec730b0a68b7ec00fc3c089a56ba2883bcf671252fc2ed64775aa1ca64796b6e1f6fdddba25a66808aef77614d235fd3e06
  languageName: node
  linkType: hard

"core-util-is@npm:~1.0.0":
  version: 1.0.2
  resolution: "core-util-is@npm:1.0.2"
  checksum: 089015ee3c462dfceba70faa1df83b42a7bb35db26dae6af283247b06fe3216c65fccd9f00eebcaf98300dc31e981d56aae9f90b624f8f6ff1153e235ff88b65
  languageName: node
  linkType: hard

"crypto-js@npm:^3.1.5":
  version: 3.3.0
  resolution: "crypto-js@npm:3.3.0"
  checksum: 7cf8de489f9f25084a3b22cc6e944e2e11e03b6374777a7a554739ee27e3b35d5dfdac490e0a66bc191c9ecbbea13ad716f59345657335b39d95f9bc19c40ac5
  languageName: node
  linkType: hard

"debug@npm:~3.1.0":
  version: 3.1.0
  resolution: "debug@npm:3.1.0"
  dependencies:
    ms: 2.0.0
  checksum: 1295acd5e0531761255661d325cd0a80ac8c5f6de8942a53bb23c2197ccb97526972de662ed0e5d9393be83f3428a298a6e7185ecb02f0da6282019cd2ffb4a8
  languageName: node
  linkType: hard

"debug@npm:~4.1.0":
  version: 4.1.1
  resolution: "debug@npm:4.1.1"
  dependencies:
    ms: ^2.1.1
  checksum: 3601a6ce96e4698ed3edf0ee6e67ef0317adfcdae2f66a43b23d1b14e8888b422337429b16dbbcba6801e7bfa6cbb8de3128fbacfb8ae1cd9bd7615ea6baf970
  languageName: node
  linkType: hard

"delayed-stream@npm:0.0.5":
  version: 0.0.5
  resolution: "delayed-stream@npm:0.0.5"
  checksum: 1d4c30cf37a4a4eb0ab2349df28119f5ca72da658d8efcc831017d3cfd843ea18a817fba246c73607848be68fde642154074dd1b1d45927b9222a91454e41b19
  languageName: node
  linkType: hard

"ecdsa-sig-formatter@npm:1.0.11":
  version: 1.0.11
  resolution: "ecdsa-sig-formatter@npm:1.0.11"
  dependencies:
    safe-buffer: ^5.0.1
  checksum: 9d07775ee274e0ca3978a562e9eba14ce77ecc804d977d0e94525c2aa4a70d909eda5703810955d22fd06fc6312e6aacf85e233eebdabc7b27a0a38fd62902a4
  languageName: node
  linkType: hard

"engine.io-client@npm:~3.5.0":
  version: 3.5.2
  resolution: "engine.io-client@npm:3.5.2"
  dependencies:
    component-emitter: ~1.3.0
    component-inherit: 0.0.3
    debug: ~3.1.0
    engine.io-parser: ~2.2.0
    has-cors: 1.1.0
    indexof: 0.0.1
    parseqs: 0.0.6
    parseuri: 0.0.6
    ws: ~7.4.2
    xmlhttprequest-ssl: ~1.6.2
    yeast: 0.1.2
  checksum: c55383ca155c0969688ef720c46c79078b25c16acbd6d28a843f0e90ead72c953eb8d37c0eababc06485a6aa240b2851491ca82de55ecaf7b4589b7e8e56017b
  languageName: node
  linkType: hard

"engine.io-parser@npm:~2.2.0":
  version: 2.2.1
  resolution: "engine.io-parser@npm:2.2.1"
  dependencies:
    after: 0.8.2
    arraybuffer.slice: ~0.0.7
    base64-arraybuffer: 0.1.4
    blob: 0.0.5
    has-binary2: ~1.0.2
  checksum: 486b996a7ed43a1e47bdc8d787c470632b28693e16d0f1f9134840a3f93483e1819b644b3971b3302370f115c8bb345cc2e821f61e22cfb38d0ab9a469593d78
  languageName: node
  linkType: hard

"engine.io@npm:~3.5.0":
  version: 3.5.0
  resolution: "engine.io@npm:3.5.0"
  dependencies:
    accepts: ~1.3.4
    base64id: 2.0.0
    cookie: ~0.4.1
    debug: ~4.1.0
    engine.io-parser: ~2.2.0
    ws: ~7.4.2
  checksum: 4a2251452542b9669f014d4edeff602c95b68c21635b85510b19810f93788a87787bf0ff2686f260107ad133eda14c40ab9e9eb10bd796906865d3cd94f1d992
  languageName: node
  linkType: hard

"form-data@npm:^0.2.0":
  version: 0.2.0
  resolution: "form-data@npm:0.2.0"
  dependencies:
    async: ~0.9.0
    combined-stream: ~0.0.4
    mime-types: ~2.0.3
  checksum: 5d75c9bff0864ebbb1d38ebb3663538dc149350fac884d995468a9425905ccedd1e99d3f06a1c9c4c09a2f52d5ac5988133f07cb6fb7a8592b9852fea98e5ac3
  languageName: node
  linkType: hard

"has-binary2@npm:~1.0.2":
  version: 1.0.3
  resolution: "has-binary2@npm:1.0.3"
  dependencies:
    isarray: 2.0.1
  checksum: 1a80bcdcef9336c94c0cdd61b9adff66714a964c956bb6eac6732cdb283dcf507841c56d7d186708c36fe2c6fc3d7b12a63f44fa19dc8ffd61c12e76a2e2f136
  languageName: node
  linkType: hard

"has-cors@npm:1.1.0":
  version: 1.1.0
  resolution: "has-cors@npm:1.1.0"
  checksum: c8257cbe3fc1c2f49d293879f0c6873c6fa7ba7be44147f9a9023cc421c7842833c3553f46bdc04459f046c1c74eb9c7a98e63fdd2c7713caaddd26b1b7f9043
  languageName: node
  linkType: hard

"indexof@npm:0.0.1":
  version: 0.0.1
  resolution: "indexof@npm:0.0.1"
  checksum: 23dd379c2dec86d0f2d06d96b085bc2d30776d4222b6bea188dc02a742fcb7cab103da94bd1386fdff4c223b3948e7b165e1f5a6f747becc1c306c1f73468f4e
  languageName: node
  linkType: hard

"infinity-agent@npm:^2.0.3":
  version: 2.0.3
  resolution: "infinity-agent@npm:2.0.3"
  checksum: 41ce3c40410212d1ee169c752d2356a169b4503b3692176ef89792a84b35b0ea784bc4798c3c8c1f1d005c4fe5bdfa3cbbe28f0a6e143f9f285fdb8762fe007d
  languageName: node
  linkType: hard

"inherits@npm:^2.0.3, inherits@npm:~2.0.3":
  version: 2.0.4
  resolution: "inherits@npm:2.0.4"
  checksum: 98426da247ddfc3dcd7d7daedd90c3ca32d5b08deca08949726f12d49232aef94772a07b36cf4ff833e105ae2ef931777f6de4a6dd8245a216b9299ad4a50bea
  languageName: node
  linkType: hard

"isarray@npm:2.0.1":
  version: 2.0.1
  resolution: "isarray@npm:2.0.1"
  checksum: 1387ed49e8cca6aded4ac16a0e6ecf8f0e607ca1d5d5a8e3ab264e506c07a958174951bd1ab638c1f40bf97a122ab5dd15b191d85c7d9966dfa2b40455528984
  languageName: node
  linkType: hard

"isarray@npm:~1.0.0":
  version: 1.0.0
  resolution: "isarray@npm:1.0.0"
  checksum: b0ff31a290e783f7b3fb73f2951ee7fc2946dc197b05f73577dc77f87dc3be2e0f66007bedf069123d4e5c4b691e7c89a241f6ca06f0c0f4765cdac5aa4b4047
  languageName: node
  linkType: hard

"jsonwebtoken@npm:^8.5.1":
  version: 8.5.1
  resolution: "jsonwebtoken@npm:8.5.1"
  dependencies:
    jws: ^3.2.2
    lodash.includes: ^4.3.0
    lodash.isboolean: ^3.0.3
    lodash.isinteger: ^4.0.4
    lodash.isnumber: ^3.0.3
    lodash.isplainobject: ^4.0.6
    lodash.isstring: ^4.0.1
    lodash.once: ^4.0.0
    ms: ^2.1.1
    semver: ^5.6.0
  checksum: ea44bbb7a7abab87eee57711a04093a2a04a5757faa3253f521327b840e07eff751986ed6c20985886c5aaa86245a833aa1eeda6eacb0c3fa9ea4e7074cdb0c3
  languageName: node
  linkType: hard

"jwa@npm:^1.4.1":
  version: 1.4.1
  resolution: "jwa@npm:1.4.1"
  dependencies:
    buffer-equal-constant-time: 1.0.1
    ecdsa-sig-formatter: 1.0.11
    safe-buffer: ^5.0.1
  checksum: e3a6234a3a33b0390c35cc7393890b1ca1bac22382755035ad252f6df9e1272dcf0ff0a717c7865657fc30e04b8d5ab07ea27e26f0763c60c557946963402752
  languageName: node
  linkType: hard

"jws@npm:^3.2.2":
  version: 3.2.2
  resolution: "jws@npm:3.2.2"
  dependencies:
    jwa: ^1.4.1
    safe-buffer: ^5.0.1
  checksum: 3990b26ebb6f368bf6c53bf580cd327f207052adedeb7900dde665e143fff9ea5d96d0b4282e85a631a6e3af76ada281a1ccc450b1916d579d07e9d36b564a19
  languageName: node
  linkType: hard

"lodash.defaults@npm:^4.2.0":
  version: 4.2.0
  resolution: "lodash.defaults@npm:4.2.0"
  checksum: fde72e71f7b7ece10c24e43dd601574168467d50bc76687302d40de341d5cb8e35b100105d938458747d2ad5f20d8bb736e62523ef39d1a8b40f7307c50f10ac
  languageName: node
  linkType: hard

"lodash.includes@npm:^4.3.0":
  version: 4.3.0
  resolution: "lodash.includes@npm:4.3.0"
  checksum: 20d6b1bf7841a4eb21bcb124641a1d5fb368e3c86fb8834d80149ec92caef67f3bf316405e4ec309591f0a83e461cebb7b43b2b57d00fd45d1eb3009fe13be97
  languageName: node
  linkType: hard

"lodash.isboolean@npm:^3.0.3":
  version: 3.0.3
  resolution: "lodash.isboolean@npm:3.0.3"
  checksum: e5b7a921f47759773266e66664e4a54f2438cc213fe336c5b96321d4328ebb2785e939bbcd07b29d5a20cdc6140d471abae1e94cdfb25937dc91ddc5150f41a0
  languageName: node
  linkType: hard

"lodash.isinteger@npm:^4.0.4":
  version: 4.0.4
  resolution: "lodash.isinteger@npm:4.0.4"
  checksum: a29551cc9aaaf24cc4fdd7ce1734c7a19c748c704f061ef079f6026dc9666ac10e8ae08e4f0cd3aeb6094e20be043a7402c72ce70cbae9ea6ecce67ad997332c
  languageName: node
  linkType: hard

"lodash.isnumber@npm:^3.0.3":
  version: 3.0.3
  resolution: "lodash.isnumber@npm:3.0.3"
  checksum: a33b10bf57dd27b32aac0bb4159d3f40db6b294095f42d7ff9f966a004932cdcc12417bf0750a9d3ac0c62690dd020d7d227b05ef486a8c9061963acf2ea3fad
  languageName: node
  linkType: hard

"lodash.isplainobject@npm:^4.0.6":
  version: 4.0.6
  resolution: "lodash.isplainobject@npm:4.0.6"
  checksum: 72a114b610ec32a42b8cb47680d1729398caea0ee0631c0b220b97b21e7df19312377cb077acb6593bf6c5abdbdb43c530aa66b440e30d53324986d386808cd0
  languageName: node
  linkType: hard

"lodash.isstring@npm:^4.0.1":
  version: 4.0.1
  resolution: "lodash.isstring@npm:4.0.1"
  checksum: 20c46960b74fd63c27b534f1725cd4141ac19b35c7250affee37c8b7899b1a4c5e9820becfafe571a4d48cd4c86206ee03c2e93fe943dbeab82ddd5cab710540
  languageName: node
  linkType: hard

"lodash.keyby@npm:^4.6.0":
  version: 4.6.0
  resolution: "lodash.keyby@npm:4.6.0"
  checksum: f1ba2eb00c7b9fde898f6822b8137e2b95d6dc47d8ad2a57932115f87740b46ee95a28b5c4ef100ce33455e568059277e8790f752db2aa3d927884ee40838a0c
  languageName: node
  linkType: hard

"lodash.map@npm:^4.6.0":
  version: 4.6.0
  resolution: "lodash.map@npm:4.6.0"
  checksum: f8a8f4072c8ed72f07d63514e45d7267fa619a7998b8a1ccb875db4c265e655f4a71c5d527370185070be80900ab574c5cd285debce557e6cb4f9692a02ffa62
  languageName: node
  linkType: hard

"lodash.merge@npm:^4.6.2":
  version: 4.6.2
  resolution: "lodash.merge@npm:4.6.2"
  checksum: 4e2bb42a87a148991458d7c384bc197e96f7115e9536fc8e2c86ae9e99ce1c1f693ff15eb85761952535f48d72253aed8e673d9f32dde3e671cd91e3fde220a7
  languageName: node
  linkType: hard

"lodash.once@npm:^4.0.0":
  version: 4.1.1
  resolution: "lodash.once@npm:4.1.1"
  checksum: 236e00ca5f20304fab5b38aa3aedb034959153dae6edf33d7f9b00406ced8f24ed232a74f1200505d9049165ceea2ce1256199e1683b0a25e9de89091d4b13c2
  languageName: node
  linkType: hard

"lodash.partialright@npm:^4.2.1":
  version: 4.2.1
  resolution: "lodash.partialright@npm:4.2.1"
  checksum: 6ccfd047e32f447b736e4cc16e412d12e2c1a3b2762a74ff9c6edc7061f3059231a123811a61fb0a1d9609c82606683286a23cb80dc7ab6d2cf3b4bc1fa90203
  languageName: node
  linkType: hard

"mailgun-send@npm:^1.0.2":
  version: 1.0.2
  resolution: "mailgun-send@npm:1.0.2"
  dependencies:
    mailgun.js: ^2.0.1
  checksum: af393e2261a514d008859ade15c2560b30cab0fcc36cc16b657982849ce0fad0f50c9a03c3cb1fa844fec6fcaf7d8cd3c3bbb7ed293e89159bf8afca3389f94c
  languageName: node
  linkType: hard

"mailgun.js@npm:^2.0.1":
  version: 2.0.6
  resolution: "mailgun.js@npm:2.0.6"
  dependencies:
    bluebird: ^3.7.2
    btoa: ^1.1.2
    lodash.defaults: ^4.2.0
    lodash.keyby: ^4.6.0
    lodash.map: ^4.6.0
    lodash.merge: ^4.6.2
    lodash.partialright: ^4.2.1
    popsicle: ^1.1.1
    popsicle-status: ^0.2.0
    url-join: 0.0.1
  checksum: cc743d570dfd74986197dcb8516599c6a8a36a16a62ad4678cea60e896856d0db7c88f79830d3760cc20de565ae435142e7d6b9fb2ff9945ebfd1bd214277089
  languageName: node
  linkType: hard

"methods@npm:^1.1.1":
  version: 1.1.2
  resolution: "methods@npm:1.1.2"
  checksum: 450e4ea0fd4a0f3de8c0593d753c7d6c8f2ee49766f5ef35c68cc2ac41699d5e295b7d6330fc2b7271b8569a07857e3eb0b5df0599a353c5808265b4b5066168
  languageName: node
  linkType: hard

"mime-db@npm:1.47.0":
  version: 1.47.0
  resolution: "mime-db@npm:1.47.0"
  checksum: f5f9220dd53c240c9234323571f632486c663e36676ebfdca9963fb9a92d1dd28b16124bceff60868fb70743764ade8466dd5e6a1a833decde89ae6d15211503
  languageName: node
  linkType: hard

"mime-db@npm:~1.12.0":
  version: 1.12.0
  resolution: "mime-db@npm:1.12.0"
  checksum: e55b1b044dba864869a01f26c58922690e07404b281cf6d5a7d59d115013d8c42b5007a4699fce8976fd86a6d48ad61b27461540449733b79c4bfc940a2d0568
  languageName: node
  linkType: hard

"mime-types@npm:~2.0.3":
  version: 2.0.14
  resolution: "mime-types@npm:2.0.14"
  dependencies:
    mime-db: ~1.12.0
  checksum: 36e3a0fcfe68d15d00d86c5951d6c1ff5156848c245c176f8e0b22425568a2db6a26d3e27cf0154535202531ad19430e93e1b60950220617d8bf4dff06e6b752
  languageName: node
  linkType: hard

"mime-types@npm:~2.1.24":
  version: 2.1.30
  resolution: "mime-types@npm:2.1.30"
  dependencies:
    mime-db: 1.47.0
  checksum: c7ca8a9980bdae0b760820aded39ea9541a8236f4abc105df645ea5b09a9c4a5299e28667c0c9596ab8e4ca84b219fd8b94b5c68e32b59891ca1f57a7e848c02
  languageName: node
  linkType: hard

"ms@npm:2.0.0":
  version: 2.0.0
  resolution: "ms@npm:2.0.0"
  checksum: 1a230340cc7f322fbe916783d8c8d60455407c6b7fb7f901d6ee34eb272402302c5c7f070a97b8531245cbb4ca6a0a623f6a128d7e5a5440cefa2c669c0b35bb
  languageName: node
  linkType: hard

"ms@npm:^2.1.1":
  version: 2.1.3
  resolution: "ms@npm:2.1.3"
  checksum: 6e721e648a544154d5de4c114b32f573d8027ca8ec505cf6c1105e505986d6ac46934a1256735aa0eece8eb2f5b2a1230503b2dddd3b100f9f016fd8a4f15f33
  languageName: node
  linkType: hard

"mysql@npm:^2.7.0":
  version: 2.18.1
  resolution: "mysql@npm:2.18.1"
  dependencies:
    bignumber.js: 9.0.0
    readable-stream: 2.3.7
    safe-buffer: 5.1.2
    sqlstring: 2.3.1
  checksum: 07c6c6c4424edeb51a28347f792f7456ef99b8e95caf01db02b7ddd385ae5623ac1e7534906a29f93e8b27a26f833f4da6e8ee947744860674c71022891f2ad9
  languageName: node
  linkType: hard

"native-or-bluebird@npm:^1.2.0":
  version: 1.2.0
  resolution: "native-or-bluebird@npm:1.2.0"
  checksum: 019ecb2dc35195fe1e7f9c43fbc603a55b2b2d6f165b2a5055c334ce02280c29dca8496d75e49188c98e7292bf3f26602c6849857c76b84c0b77156c25b0a5df
  languageName: node
  linkType: hard

"negotiator@npm:0.6.2":
  version: 0.6.2
  resolution: "negotiator@npm:0.6.2"
  checksum: 4b230bd15f0862d16c54ce0243fcfcf835ad59c8e58c467b4504dd28c9868cff71ff485b02cc575dc69dca819b58a1fadc9fb28403f45721f38a8fffde007d54
  languageName: node
  linkType: hard

"parseqs@npm:0.0.6":
  version: 0.0.6
  resolution: "parseqs@npm:0.0.6"
  checksum: 9e095b898b52a138e5d1e055bf3dd2ab4630b2ac0468dd47ec00695c39683aa28f5b88852a1b4938f9b1109219b5eb63e7ffd567ff7a7fb8932c91697647fe83
  languageName: node
  linkType: hard

"parseuri@npm:0.0.6":
  version: 0.0.6
  resolution: "parseuri@npm:0.0.6"
  checksum: ff7ad178b06748b2999d52852ea0a32d270f92a8926da1cad7550d315e189fce67edac49b476958d13b8cea1fda7b8ac128bfe7d7d78a41772a3278c5c51e057
  languageName: node
  linkType: hard

"playerserver@workspace:.":
  version: 0.0.0-use.local
  resolution: "playerserver@workspace:."
  dependencies:
    crypto-js: ^3.1.5
    jsonwebtoken: ^8.5.1
    mailgun-send: ^1.0.2
    mysql: ^2.7.0
    socket.io: ^2.0.3
  languageName: unknown
  linkType: soft

"popsicle-status@npm:^0.2.0":
  version: 0.2.2
  resolution: "popsicle-status@npm:0.2.2"
  checksum: 5bdcf4712b16ba52d444e4957870d680897bf87e61941db0887c7ce5cb0e6593bda1e11ccd806b770c9a532755898885ae33afb8a528538ad92bc0b64d33b8c3
  languageName: node
  linkType: hard

"popsicle@npm:^1.1.1":
  version: 1.4.0
  resolution: "popsicle@npm:1.4.0"
  dependencies:
    arrify: ^1.0.0
    concat-stream: ^1.4.7
    form-data: ^0.2.0
    infinity-agent: ^2.0.3
    methods: ^1.1.1
    native-or-bluebird: ^1.2.0
    tough-cookie: ^2.0.0
    xtend: ^4.0.0
  checksum: 7c33883c9d72c3872c51ec3b3baf3dcaaff7016951479535d93e41eccee7485aa86887464d0d3e10fca53722559f2d7efb350fbfce91646fcd254851deb1193d
  languageName: node
  linkType: hard

"process-nextick-args@npm:~2.0.0":
  version: 2.0.1
  resolution: "process-nextick-args@npm:2.0.1"
  checksum: ddeb0f07d0d5efa649c2c5e39d1afd0e3668df2b392d036c8a508b0034f7beffbc474b3c2f7fd3fed2dc4113cef8f1f7e00d05690df3c611b36f6c7efd7852d1
  languageName: node
  linkType: hard

"psl@npm:^1.1.28":
  version: 1.8.0
  resolution: "psl@npm:1.8.0"
  checksum: 92d47c6257456878bfa8190d76b84de69bcefdc129eeee3f9fe204c15fd08d35fe5b8627033f39b455e40a9375a1474b25ff4ab2c5448dd8c8f75da692d0f5b4
  languageName: node
  linkType: hard

"punycode@npm:^2.1.1":
  version: 2.1.1
  resolution: "punycode@npm:2.1.1"
  checksum: 0202dc191cb35bfd88870ac99a1e824b03486d4cee20b543ef337a6dee8d8b11017da32a3e4c40b69b19976e982c030b62bd72bba42884acb691bc5ef91354c8
  languageName: node
  linkType: hard

"readable-stream@npm:2.3.7, readable-stream@npm:^2.2.2":
  version: 2.3.7
  resolution: "readable-stream@npm:2.3.7"
  dependencies:
    core-util-is: ~1.0.0
    inherits: ~2.0.3
    isarray: ~1.0.0
    process-nextick-args: ~2.0.0
    safe-buffer: ~5.1.1
    string_decoder: ~1.1.1
    util-deprecate: ~1.0.1
  checksum: 6e3826560627a751feb3a8aec073ef94c6e47b8c8e06eb5d136323b5f09db9d2077c23a42a8d54ed0123695af54b36c1e4271a8ec55112b15f4b89020d8dec72
  languageName: node
  linkType: hard

"safe-buffer@npm:5.1.2, safe-buffer@npm:~5.1.0, safe-buffer@npm:~5.1.1":
  version: 5.1.2
  resolution: "safe-buffer@npm:5.1.2"
  checksum: 2708587c1b5e70a5e420714ceb59f30f5791c6e831d39812125a008eca63a4ac18578abd020a0776ea497ff03b4543f2b2a223a7b9073bf2d6c7af9ec6829218
  languageName: node
  linkType: hard

"safe-buffer@npm:^5.0.1":
  version: 5.2.1
  resolution: "safe-buffer@npm:5.2.1"
  checksum: 0bb57f0d8f9d1fa4fe35ad8a2db1f83a027d48f2822d59ede88fd5cd4ddad83c0b497213feb7a70fbf90597a70c5217f735b0eb1850df40ce9b4ae81dd22b3f9
  languageName: node
  linkType: hard

"semver@npm:^5.6.0":
  version: 5.7.1
  resolution: "semver@npm:5.7.1"
  bin:
    semver: ./bin/semver
  checksum: 06ff0ed753ebf741b7602be8faad620d6e160a2cb3f61019d00d919c8bca141638aa23c34da779b8595afdc9faa3678bfbb5f60366b6a4f65f98cf86605bbcdb
  languageName: node
  linkType: hard

"socket.io-adapter@npm:~1.1.0":
  version: 1.1.2
  resolution: "socket.io-adapter@npm:1.1.2"
  checksum: a5cbd66049cb7ca20d24cf0e5f7dd618ff517e6c3ca5f853a6deabfd2f832046e3b7103c4a606ef9e9638bf7802a17e099035812ee59e7c78fed6425bbd000a9
  languageName: node
  linkType: hard

"socket.io-client@npm:2.4.0":
  version: 2.4.0
  resolution: "socket.io-client@npm:2.4.0"
  dependencies:
    backo2: 1.0.2
    component-bind: 1.0.0
    component-emitter: ~1.3.0
    debug: ~3.1.0
    engine.io-client: ~3.5.0
    has-binary2: ~1.0.2
    indexof: 0.0.1
    parseqs: 0.0.6
    parseuri: 0.0.6
    socket.io-parser: ~3.3.0
    to-array: 0.1.4
  checksum: 75a8f9b69a0a47c41c9cff80fe5bfff02b7f75eefd4fdbe2f6b74ca0f0f408d3eccd734f5d8cc8c180859bb75b24fdb9f97110c36ac4015a0f4d2b41c891e99f
  languageName: node
  linkType: hard

"socket.io-parser@npm:~3.3.0":
  version: 3.3.2
  resolution: "socket.io-parser@npm:3.3.2"
  dependencies:
    component-emitter: ~1.3.0
    debug: ~3.1.0
    isarray: 2.0.1
  checksum: 170431a74064f5bf0c9335fd95931ebb3ef0bbc80efe7f966e54e5df5122105d11f4190e83bb24b5c2cecbb86c7321e7d5791686b56a85f5458cd24a47d434da
  languageName: node
  linkType: hard

"socket.io-parser@npm:~3.4.0":
  version: 3.4.1
  resolution: "socket.io-parser@npm:3.4.1"
  dependencies:
    component-emitter: 1.2.1
    debug: ~4.1.0
    isarray: 2.0.1
  checksum: 3c52dfe4c0d27a61e1d39cb71595af83867e9b4677a365683da6c00d58115ab8fbd5ff0907c53c1f0459ba9b919951846064fefc58afa751f6d15bd7388f6f42
  languageName: node
  linkType: hard

"socket.io@npm:^2.0.3":
  version: 2.4.1
  resolution: "socket.io@npm:2.4.1"
  dependencies:
    debug: ~4.1.0
    engine.io: ~3.5.0
    has-binary2: ~1.0.2
    socket.io-adapter: ~1.1.0
    socket.io-client: 2.4.0
    socket.io-parser: ~3.4.0
  checksum: c78ea71ecef149b53ec7297b853aadf0438ae7a32df81b46e9789ae156638fb6da9303a5fcb029685b0a230a3255529d492cfb575a6332f79baa13d6bd0777ca
  languageName: node
  linkType: hard

"sqlstring@npm:2.3.1":
  version: 2.3.1
  resolution: "sqlstring@npm:2.3.1"
  checksum: d10f04099cb454524324518ddd970bf9f4dce563088f57bf11a8b45f9eed25229ebbb6a2ad7ca95274734642b4e255bc88ff81f8d42e82561eb2c2ab2a676e07
  languageName: node
  linkType: hard

"string_decoder@npm:~1.1.1":
  version: 1.1.1
  resolution: "string_decoder@npm:1.1.1"
  dependencies:
    safe-buffer: ~5.1.0
  checksum: bc2dc169d83df1b9e94defe7716bcad8a19ffe8211b029581cb0c6f9e83a6a7ba9ec3be38d179708a8643c692868a2b8b004ab159555dc26089ad3fa7b2158f5
  languageName: node
  linkType: hard

"to-array@npm:0.1.4":
  version: 0.1.4
  resolution: "to-array@npm:0.1.4"
  checksum: c25a6d5e97705b08c8259eb92b31532d22d9be32fbd9f8e9fce9bc4a0e687d55284bfd51b3ef00e5cc06770312bffb675065468bf62630f6813d0e8ef8231df5
  languageName: node
  linkType: hard

"tough-cookie@npm:^2.0.0":
  version: 2.5.0
  resolution: "tough-cookie@npm:2.5.0"
  dependencies:
    psl: ^1.1.28
    punycode: ^2.1.1
  checksum: bf5d6fac5ce0bebc5876cb9b9a79d3d9ea21c9e4099f3d3e64701d6ba170a052cb88cece6737ec2473bac4f0a4f6c75d46ec17985be8587c6bbdd38d91625cb4
  languageName: node
  linkType: hard

"typedarray@npm:^0.0.6":
  version: 0.0.6
  resolution: "typedarray@npm:0.0.6"
  checksum: c9ef0176aaf32593514c31e5c6edc1db970847aff6e1f0a0570a6ac0cc996335792f394c2fcec59cc76691d22a01888ea073a2f3c6930cfcf7c519addf4e2ad7
  languageName: node
  linkType: hard

"url-join@npm:0.0.1":
  version: 0.0.1
  resolution: "url-join@npm:0.0.1"
  checksum: 0406b221c6cd29bcf4c258b5cd2d9c41a9e0128b7ce7c7c437b2769c2d733cba583d974147333578e092e672bd287c5f001e508ee0bfbf176a79ec962edd65a1
  languageName: node
  linkType: hard

"util-deprecate@npm:~1.0.1":
  version: 1.0.2
  resolution: "util-deprecate@npm:1.0.2"
  checksum: 73c2b1cf0210ccac300645384d8443cabbd93194117b2dc1b3bae8d8279ad39aedac857e020c4ea505e96a1045059c7359db3df6a9df0be6b8584166c9d61dc9
  languageName: node
  linkType: hard

"ws@npm:~7.4.2":
  version: 7.4.5
  resolution: "ws@npm:7.4.5"
  peerDependencies:
    bufferutil: ^4.0.1
    utf-8-validate: ^5.0.2
  peerDependenciesMeta:
    bufferutil:
      optional: true
    utf-8-validate:
      optional: true
  checksum: 20731aa1075336b94677f6741b674469c3c7fce9b70115bb535827c7c108a9d714f0b38ce39289b63c652870f9801afaf096f8aab32da96be62d919e80e4ed32
  languageName: node
  linkType: hard

"xmlhttprequest-ssl@npm:~1.6.2":
  version: 1.6.2
  resolution: "xmlhttprequest-ssl@npm:1.6.2"
  checksum: 5585eb599e649599b6773028c1b2ed7138d6c44c7ae86a1f3a71e340963a7dd7182c5965cfdcfa50d1dc90b5469775898ca9bcd39f07e075ef7586bfb5b5abf5
  languageName: node
  linkType: hard

"xtend@npm:^4.0.0":
  version: 4.0.2
  resolution: "xtend@npm:4.0.2"
  checksum: 37ee522a3e9fb9b143a400c30b21dc122aa8c9c9411c6afae1005a4617dc20a21765c114d544e37a6bb60c2733dd8ee0a44ed9e80d884ac78cccd30b5e0ab0da
  languageName: node
  linkType: hard

"yeast@npm:0.1.2":
  version: 0.1.2
  resolution: "yeast@npm:0.1.2"
  checksum: ce326a71c7f25059ef7581121104c21d2837511a95cb44604f9e1825c5722f5b65324fb0b1d20bcfe3975efe45e418106100aa0d0e9fc502f90f3d07d059e177
  languageName: node
  linkType: hard
