{
  "name": "switch",
  "version": "0.0.0",
  "lockfileVersion": 1,
  "requires": true,
  "dependencies": {
    "commander": {
      "version": "2.20.3",
      "resolved": "https://registry.npmjs.org/commander/-/commander-2.20.3.tgz",
      "integrity": "sha512-GpVkmM8vF2vQUkj2LvZmD35JxeJOLCwJ9cUkugyk2nuhbv3+mJvpLYYt+0+USMxE+oj+ey/lJEnhZw75x/OMcQ=="
    },
    "decompress-response": {
      "version": "3.3.0",
      "resolved": "https://registry.npmjs.org/decompress-response/-/decompress-response-3.3.0.tgz",
      "integrity": "sha1-gKTdMjdIOEv6JICDYirt7Jgq3/M=",
      "requires": {
        "mimic-response": "^1.0.0"
      }
    },
    "external-ip": {
      "version": "1.3.1",
      "resolved": "https://registry.npmjs.org/external-ip/-/external-ip-1.3.1.tgz",
      "integrity": "sha512-/uhkY7wgjYjdOp7WqvlQGP9L8WlcS1CrrhfDiOFGTrgx/luEA7O8JIJxFNRQ/kC4JgTnBElRwqulXYylbhgKzA==",
      "requires": {
        "commander": "^2.9.0",
        "revalidator": "^0.3.1",
        "simple-get": "^2.6.0"
      }
    },
    "mimic-response": {
      "version": "1.0.1",
      "resolved": "https://registry.npmjs.org/mimic-response/-/mimic-response-1.0.1.tgz",
      "integrity": "sha512-j5EctnkH7amfV/q5Hgmoal1g2QHFJRraOtmx0JpIqkxhBhI/lJSl1nMpQ45hVarwNETOoWEimndZ4QK0RHxuxQ=="
    },
    "once": {
      "version": "1.4.0",
      "resolved": "https://registry.npmjs.org/once/-/once-1.4.0.tgz",
      "integrity": "sha1-WDsap3WWHUsROsF9nFC6753Xa9E=",
      "requires": {
        "wrappy": "1"
      }
    },
    "revalidator": {
      "version": "0.3.1",
      "resolved": "https://registry.npmjs.org/revalidator/-/revalidator-0.3.1.tgz",
      "integrity": "sha1-/yzEz3zHxjhaxxAXgnbm280Ddi8="
    },
    "simple-concat": {
      "version": "1.0.1",
      "resolved": "https://registry.npmjs.org/simple-concat/-/simple-concat-1.0.1.tgz",
      "integrity": "sha512-cSFtAPtRhljv69IK0hTVZQ+OfE9nePi/rtJmw5UjHeVyVroEqJXP1sFztKUy1qU+xvz3u/sfYJLa947b7nAN2Q=="
    },
    "simple-get": {
      "version": "2.8.1",
      "resolved": "https://registry.npmjs.org/simple-get/-/simple-get-2.8.1.tgz",
      "integrity": "sha512-lSSHRSw3mQNUGPAYRqo7xy9dhKmxFXIjLjp4KHpf99GEH2VH7C3AM+Qfx6du6jhfUi6Vm7XnbEVEf7Wb6N8jRw==",
      "requires": {
        "decompress-response": "^3.3.0",
        "once": "^1.3.1",
        "simple-concat": "^1.0.0"
      }
    },
    "wrappy": {
      "version": "1.0.2",
      "resolved": "https://registry.npmjs.org/wrappy/-/wrappy-1.0.2.tgz",
      "integrity": "sha1-tSQ9jz7BqjXxNkYFvA0QNuMKtp8="
    }
  }
}
