# This file is generated by running "yarn install" inside your project.
# Manual changes might be lost - proceed with caution!

__metadata:
  version: 4
  cacheKey: 7

"commander@npm:^2.9.0":
  version: 2.20.3
  resolution: "commander@npm:2.20.3"
  checksum: b73428e97de7624323f81ba13f8ed9271de487017432d18b4da3f07cfc528ad754bbd199004bd5d14e0ccd67d1fdfe0ec8dbbd4c438b401df3c4cc387bfd1daa
  languageName: node
  linkType: hard

"decompress-response@npm:^3.3.0":
  version: 3.3.0
  resolution: "decompress-response@npm:3.3.0"
  dependencies:
    mimic-response: ^1.0.0
  checksum: 93b0dcc8f0c32f1d5eb656e7db54fa5554227b8bfefd242c9d28f7b9c3908052c2ab8297b4af6256759da496679ee3a806d559f22d29b7e71a25879a2c25b99b
  languageName: node
  linkType: hard

"external-ip@npm:^1.3.1":
  version: 1.3.1
  resolution: "external-ip@npm:1.3.1"
  dependencies:
    commander: ^2.9.0
    revalidator: ^0.3.1
    simple-get: ^2.6.0
  bin:
    external-ip: lib/cli.js
  checksum: 420768ca7510a320a0d442c00ce2e2e9039acbb117bcd683839e3a9931f71b98b0bda4a3ccfcd15f9f350ea8916794d23a11f55a925790c06eb5fb8586df8f4a
  languageName: node
  linkType: hard

"mimic-response@npm:^1.0.0":
  version: 1.0.1
  resolution: "mimic-response@npm:1.0.1"
  checksum: 64b43c717ed8710bc920576e96d38d0e504e9eec3114af8e00c9e3d7ae53cd459ee38febb0badc83e3a4e6d21cd571db43e9011f8cf014809989c87a1a9f0ea4
  languageName: node
  linkType: hard

"once@npm:^1.3.1":
  version: 1.4.0
  resolution: "once@npm:1.4.0"
  dependencies:
    wrappy: 1
  checksum: 57afc246536cf6494437f982b26475f22bee860f8b77ce8eb1543f42a8bffe04b2c66ddfea9a16cb25ccb80943f8ee4fc639367ef97b7a6a4f2672eb573963f5
  languageName: node
  linkType: hard

"revalidator@npm:^0.3.1":
  version: 0.3.1
  resolution: "revalidator@npm:0.3.1"
  checksum: 17b8a3b17d63574dd3ef6d3e89deac96ff0b444354acdc57f919757e454ceb92990432f2a59625f6b9b8f5e1e9b074d1d3e1b760a2c8429ed26965008c2fc466
  languageName: node
  linkType: hard

"simple-concat@npm:^1.0.0":
  version: 1.0.1
  resolution: "simple-concat@npm:1.0.1"
  checksum: 4623960448a49731b5abeedc5430f8158c5caa05f10a685b405b13ed8532c80b5d99e6ef5d53f76a695e66f551cdbcca22c1363ceef8f8b246cda1e21b9ef871
  languageName: node
  linkType: hard

"simple-get@npm:^2.6.0":
  version: 2.8.1
  resolution: "simple-get@npm:2.8.1"
  dependencies:
    decompress-response: ^3.3.0
    once: ^1.3.1
    simple-concat: ^1.0.0
  checksum: d99776f8bfead4207c7c7858897786d6ddc3c1cc78d3a5568a623dd0bd868ae3bb7aa6d16bd7a3b68cbeeed0319a2cd1748e75b7c6e55e4c55b825d15fd9f6cb
  languageName: node
  linkType: hard

"switch@workspace:.":
  version: 0.0.0-use.local
  resolution: "switch@workspace:."
  dependencies:
    external-ip: ^1.3.1
  languageName: unknown
  linkType: soft

"wrappy@npm:1":
  version: 1.0.2
  resolution: "wrappy@npm:1.0.2"
  checksum: 519fcda0fcdf0c16327be2de9d98646742307bc830277e8868529fcf7566f2b330a6453c233e0cdcb767d5838dd61a90984a02ecc983bcddebea5ad0833bbf98
  languageName: node
  linkType: hard
